// !$*UTF8*$!
{
	archiveVersion = 1;
	classes = {
	};
	objectVersion = 46;
	objects = {

/* Begin PBXBuildFile section */
		1607083C17EDBC8500192A2A /* StoryViewCell.m in Sources */ = {isa = PBXBuildFile; fileRef = 1607083B17EDBC8500192A2A /* StoryViewCell.m */; };
		162E555817ED514000A0C1E3 /* Foundation.framework in Frameworks */ = {isa = PBXBuildFile; fileRef = 162E555717ED514000A0C1E3 /* Foundation.framework */; };
		162E555A17ED514000A0C1E3 /* CoreGraphics.framework in Frameworks */ = {isa = PBXBuildFile; fileRef = 162E555917ED514000A0C1E3 /* CoreGraphics.framework */; };
		162E555C17ED514000A0C1E3 /* UIKit.framework in Frameworks */ = {isa = PBXBuildFile; fileRef = 162E555B17ED514000A0C1E3 /* UIKit.framework */; };
		162E556217ED514000A0C1E3 /* InfoPlist.strings in Resources */ = {isa = PBXBuildFile; fileRef = 162E556017ED514000A0C1E3 /* InfoPlist.strings */; };
		162E556417ED514000A0C1E3 /* main.m in Sources */ = {isa = PBXBuildFile; fileRef = 162E556317ED514000A0C1E3 /* main.m */; };
		162E556817ED514000A0C1E3 /* AppDelegate.m in Sources */ = {isa = PBXBuildFile; fileRef = 162E556717ED514000A0C1E3 /* AppDelegate.m */; };
		162E556B17ED514000A0C1E3 /* Main.storyboard in Resources */ = {isa = PBXBuildFile; fileRef = 162E556917ED514000A0C1E3 /* Main.storyboard */; };
		162E556E17ED514000A0C1E3 /* ViewController.m in Sources */ = {isa = PBXBuildFile; fileRef = 162E556D17ED514000A0C1E3 /* ViewController.m */; };
		162E557017ED514000A0C1E3 /* Images.xcassets in Resources */ = {isa = PBXBuildFile; fileRef = 162E556F17ED514000A0C1E3 /* Images.xcassets */; };
		162E557717ED514000A0C1E3 /* XCTest.framework in Frameworks */ = {isa = PBXBuildFile; fileRef = 162E557617ED514000A0C1E3 /* XCTest.framework */; };
		162E557817ED514000A0C1E3 /* Foundation.framework in Frameworks */ = {isa = PBXBuildFile; fileRef = 162E555717ED514000A0C1E3 /* Foundation.framework */; };
		162E557917ED514000A0C1E3 /* UIKit.framework in Frameworks */ = {isa = PBXBuildFile; fileRef = 162E555B17ED514000A0C1E3 /* UIKit.framework */; };
		162E558117ED514000A0C1E3 /* InfoPlist.strings in Resources */ = {isa = PBXBuildFile; fileRef = 162E557F17ED514000A0C1E3 /* InfoPlist.strings */; };
		162E558317ED514000A0C1E3 /* ScriptsTests.m in Sources */ = {isa = PBXBuildFile; fileRef = 162E558217ED514000A0C1E3 /* ScriptsTests.m */; };
		162E558D17ED57E100A0C1E3 /* AudioToolbox.framework in Frameworks */ = {isa = PBXBuildFile; fileRef = 162E558C17ED57E100A0C1E3 /* AudioToolbox.framework */; };
		162E558F17ED57E800A0C1E3 /* CFNetwork.framework in Frameworks */ = {isa = PBXBuildFile; fileRef = 162E558E17ED57E800A0C1E3 /* CFNetwork.framework */; };
		162E559117ED57F700A0C1E3 /* CoreLocation.framework in Frameworks */ = {isa = PBXBuildFile; fileRef = 162E559017ED57F700A0C1E3 /* CoreLocation.framework */; };
		162E559317ED580000A0C1E3 /* libz.1.1.3.dylib in Frameworks */ = {isa = PBXBuildFile; fileRef = 162E559217ED580000A0C1E3 /* libz.1.1.3.dylib */; };
		162E559517ED580800A0C1E3 /* MobileCoreServices.framework in Frameworks */ = {isa = PBXBuildFile; fileRef = 162E559417ED580800A0C1E3 /* MobileCoreServices.framework */; };
		162E559717ED581000A0C1E3 /* QuartzCore.framework in Frameworks */ = {isa = PBXBuildFile; fileRef = 162E559617ED581000A0C1E3 /* QuartzCore.framework */; };
		162E559917ED581600A0C1E3 /* Security.framework in Frameworks */ = {isa = PBXBuildFile; fileRef = 162E559817ED581600A0C1E3 /* Security.framework */; };
		162E559B17ED581C00A0C1E3 /* StoreKit.framework in Frameworks */ = {isa = PBXBuildFile; fileRef = 162E559A17ED581C00A0C1E3 /* StoreKit.framework */; };
		162E559D17ED582400A0C1E3 /* SystemConfiguration.framework in Frameworks */ = {isa = PBXBuildFile; fileRef = 162E559C17ED582400A0C1E3 /* SystemConfiguration.framework */; };
		1682F63217ED5EB4002068CA /* LoginViewController.m in Sources */ = {isa = PBXBuildFile; fileRef = 1682F63117ED5EB4002068CA /* LoginViewController.m */; };
		1682F63517ED5EBF002068CA /* SignupViewController.m in Sources */ = {isa = PBXBuildFile; fileRef = 1682F63417ED5EBF002068CA /* SignupViewController.m */; };
		1682F63817ED5ED3002068CA /* ProfileViewController.m in Sources */ = {isa = PBXBuildFile; fileRef = 1682F63717ED5ED3002068CA /* ProfileViewController.m */; };
		1682F63B17ED5EE8002068CA /* CreateStoryViewController.m in Sources */ = {isa = PBXBuildFile; fileRef = 1682F63A17ED5EE8002068CA /* CreateStoryViewController.m */; };
		1682F63E17ED5F41002068CA /* StoryViewController.m in Sources */ = {isa = PBXBuildFile; fileRef = 1682F63D17ED5F41002068CA /* StoryViewController.m */; };
		1682F64117ED5F4E002068CA /* StoryEntriesViewController.m in Sources */ = {isa = PBXBuildFile; fileRef = 1682F64017ED5F4E002068CA /* StoryEntriesViewController.m */; };
		1682F64417ED5F62002068CA /* StoryMapViewController.m in Sources */ = {isa = PBXBuildFile; fileRef = 1682F64317ED5F62002068CA /* StoryMapViewController.m */; };
		1698722517EDD5D2008DFE44 /* TPKeyboardAvoidingScrollView.m in Sources */ = {isa = PBXBuildFile; fileRef = 1698722217EDD5D2008DFE44 /* TPKeyboardAvoidingScrollView.m */; };
		1698722617EDD5D2008DFE44 /* TPKeyboardAvoidingTableView.m in Sources */ = {isa = PBXBuildFile; fileRef = 1698722417EDD5D2008DFE44 /* TPKeyboardAvoidingTableView.m */; };
		16CFC72A17EE65A40099019D /* MapKit.framework in Frameworks */ = {isa = PBXBuildFile; fileRef = 16CFC72817EDF5E20099019D /* MapKit.framework */; };
		16CFC72C17EE84940099019D /* canyon.png in Resources */ = {isa = PBXBuildFile; fileRef = 16CFC72B17EE84940099019D /* canyon.png */; };
		367A678017ED92C300AF1EA4 /* rarr.jpg in Resources */ = {isa = PBXBuildFile; fileRef = 367A677F17ED92C300AF1EA4 /* rarr.jpg */; };
		369914A517ED82C100BA98C0 /* pony.png in Resources */ = {isa = PBXBuildFile; fileRef = 369914A417ED82C100BA98C0 /* pony.png */; };
		8B2BCCDB17EE016D00F49DA1 /* background2.png in Resources */ = {isa = PBXBuildFile; fileRef = 8B2BCCDA17EE016D00F49DA1 /* background2.png */; };
		8B2BCCE517EE2E7100F49DA1 /* profilepic2.png in Resources */ = {isa = PBXBuildFile; fileRef = 8B2BCCE417EE2E7100F49DA1 /* profilepic2.png */; };
		8BF6F81717EE86D100647EA2 /* background3.jpeg in Resources */ = {isa = PBXBuildFile; fileRef = 8BF6F81617EE86D100647EA2 /* background3.jpeg */; };
		D3F77472F41B4C479722857F /* libPods.a in Frameworks */ = {isa = PBXBuildFile; fileRef = 149BA87B30A84DA2BAF984E0 /* libPods.a */; };
/* End PBXBuildFile section */

/* Begin PBXContainerItemProxy section */
		162E557A17ED514000A0C1E3 /* PBXContainerItemProxy */ = {
			isa = PBXContainerItemProxy;
			containerPortal = 162E554C17ED514000A0C1E3 /* Project object */;
			proxyType = 1;
			remoteGlobalIDString = 162E555317ED514000A0C1E3;
			remoteInfo = Scripts;
		};
/* End PBXContainerItemProxy section */

/* Begin PBXFileReference section */
		149BA87B30A84DA2BAF984E0 /* libPods.a */ = {isa = PBXFileReference; explicitFileType = archive.ar; includeInIndex = 0; path = libPods.a; sourceTree = BUILT_PRODUCTS_DIR; };
		1607083A17EDBC8500192A2A /* StoryViewCell.h */ = {isa = PBXFileReference; fileEncoding = 4; lastKnownFileType = sourcecode.c.h; path = StoryViewCell.h; sourceTree = "<group>"; };
		1607083B17EDBC8500192A2A /* StoryViewCell.m */ = {isa = PBXFileReference; fileEncoding = 4; lastKnownFileType = sourcecode.c.objc; path = StoryViewCell.m; sourceTree = "<group>"; };
		162E555417ED514000A0C1E3 /* Scripts.app */ = {isa = PBXFileReference; explicitFileType = wrapper.application; includeInIndex = 0; path = Scripts.app; sourceTree = BUILT_PRODUCTS_DIR; };
		162E555717ED514000A0C1E3 /* Foundation.framework */ = {isa = PBXFileReference; lastKnownFileType = wrapper.framework; name = Foundation.framework; path = System/Library/Frameworks/Foundation.framework; sourceTree = SDKROOT; };
		162E555917ED514000A0C1E3 /* CoreGraphics.framework */ = {isa = PBXFileReference; lastKnownFileType = wrapper.framework; name = CoreGraphics.framework; path = System/Library/Frameworks/CoreGraphics.framework; sourceTree = SDKROOT; };
		162E555B17ED514000A0C1E3 /* UIKit.framework */ = {isa = PBXFileReference; lastKnownFileType = wrapper.framework; name = UIKit.framework; path = System/Library/Frameworks/UIKit.framework; sourceTree = SDKROOT; };
		162E555F17ED514000A0C1E3 /* Scripts-Info.plist */ = {isa = PBXFileReference; lastKnownFileType = text.plist.xml; path = "Scripts-Info.plist"; sourceTree = "<group>"; };
		162E556117ED514000A0C1E3 /* en */ = {isa = PBXFileReference; lastKnownFileType = text.plist.strings; name = en; path = en.lproj/InfoPlist.strings; sourceTree = "<group>"; };
		162E556317ED514000A0C1E3 /* main.m */ = {isa = PBXFileReference; lastKnownFileType = sourcecode.c.objc; path = main.m; sourceTree = "<group>"; };
		162E556517ED514000A0C1E3 /* Scripts-Prefix.pch */ = {isa = PBXFileReference; lastKnownFileType = sourcecode.c.h; path = "Scripts-Prefix.pch"; sourceTree = "<group>"; };
		162E556617ED514000A0C1E3 /* AppDelegate.h */ = {isa = PBXFileReference; lastKnownFileType = sourcecode.c.h; path = AppDelegate.h; sourceTree = "<group>"; };
		162E556717ED514000A0C1E3 /* AppDelegate.m */ = {isa = PBXFileReference; lastKnownFileType = sourcecode.c.objc; path = AppDelegate.m; sourceTree = "<group>"; };
		162E556A17ED514000A0C1E3 /* Base */ = {isa = PBXFileReference; lastKnownFileType = file.storyboard; name = Base; path = Base.lproj/Main.storyboard; sourceTree = "<group>"; };
		162E556C17ED514000A0C1E3 /* ViewController.h */ = {isa = PBXFileReference; lastKnownFileType = sourcecode.c.h; path = ViewController.h; sourceTree = "<group>"; };
		162E556D17ED514000A0C1E3 /* ViewController.m */ = {isa = PBXFileReference; lastKnownFileType = sourcecode.c.objc; path = ViewController.m; sourceTree = "<group>"; };
		162E556F17ED514000A0C1E3 /* Images.xcassets */ = {isa = PBXFileReference; lastKnownFileType = folder.assetcatalog; path = Images.xcassets; sourceTree = "<group>"; };
		162E557517ED514000A0C1E3 /* ScriptsTests.xctest */ = {isa = PBXFileReference; explicitFileType = wrapper.cfbundle; includeInIndex = 0; path = ScriptsTests.xctest; sourceTree = BUILT_PRODUCTS_DIR; };
		162E557617ED514000A0C1E3 /* XCTest.framework */ = {isa = PBXFileReference; lastKnownFileType = wrapper.framework; name = XCTest.framework; path = Library/Frameworks/XCTest.framework; sourceTree = DEVELOPER_DIR; };
		162E557E17ED514000A0C1E3 /* ScriptsTests-Info.plist */ = {isa = PBXFileReference; lastKnownFileType = text.plist.xml; path = "ScriptsTests-Info.plist"; sourceTree = "<group>"; };
		162E558017ED514000A0C1E3 /* en */ = {isa = PBXFileReference; lastKnownFileType = text.plist.strings; name = en; path = en.lproj/InfoPlist.strings; sourceTree = "<group>"; };
		162E558217ED514000A0C1E3 /* ScriptsTests.m */ = {isa = PBXFileReference; lastKnownFileType = sourcecode.c.objc; path = ScriptsTests.m; sourceTree = "<group>"; };
		162E558C17ED57E100A0C1E3 /* AudioToolbox.framework */ = {isa = PBXFileReference; lastKnownFileType = wrapper.framework; name = AudioToolbox.framework; path = System/Library/Frameworks/AudioToolbox.framework; sourceTree = SDKROOT; };
		162E558E17ED57E800A0C1E3 /* CFNetwork.framework */ = {isa = PBXFileReference; lastKnownFileType = wrapper.framework; name = CFNetwork.framework; path = System/Library/Frameworks/CFNetwork.framework; sourceTree = SDKROOT; };
		162E559017ED57F700A0C1E3 /* CoreLocation.framework */ = {isa = PBXFileReference; lastKnownFileType = wrapper.framework; name = CoreLocation.framework; path = System/Library/Frameworks/CoreLocation.framework; sourceTree = SDKROOT; };
		162E559217ED580000A0C1E3 /* libz.1.1.3.dylib */ = {isa = PBXFileReference; lastKnownFileType = "compiled.mach-o.dylib"; name = libz.1.1.3.dylib; path = usr/lib/libz.1.1.3.dylib; sourceTree = SDKROOT; };
		162E559417ED580800A0C1E3 /* MobileCoreServices.framework */ = {isa = PBXFileReference; lastKnownFileType = wrapper.framework; name = MobileCoreServices.framework; path = System/Library/Frameworks/MobileCoreServices.framework; sourceTree = SDKROOT; };
		162E559617ED581000A0C1E3 /* QuartzCore.framework */ = {isa = PBXFileReference; lastKnownFileType = wrapper.framework; name = QuartzCore.framework; path = System/Library/Frameworks/QuartzCore.framework; sourceTree = SDKROOT; };
		162E559817ED581600A0C1E3 /* Security.framework */ = {isa = PBXFileReference; lastKnownFileType = wrapper.framework; name = Security.framework; path = System/Library/Frameworks/Security.framework; sourceTree = SDKROOT; };
		162E559A17ED581C00A0C1E3 /* StoreKit.framework */ = {isa = PBXFileReference; lastKnownFileType = wrapper.framework; name = StoreKit.framework; path = System/Library/Frameworks/StoreKit.framework; sourceTree = SDKROOT; };
		162E559C17ED582400A0C1E3 /* SystemConfiguration.framework */ = {isa = PBXFileReference; lastKnownFileType = wrapper.framework; name = SystemConfiguration.framework; path = System/Library/Frameworks/SystemConfiguration.framework; sourceTree = SDKROOT; };
		1682F63017ED5EB4002068CA /* LoginViewController.h */ = {isa = PBXFileReference; fileEncoding = 4; lastKnownFileType = sourcecode.c.h; path = LoginViewController.h; sourceTree = "<group>"; };
		1682F63117ED5EB4002068CA /* LoginViewController.m */ = {isa = PBXFileReference; fileEncoding = 4; lastKnownFileType = sourcecode.c.objc; path = LoginViewController.m; sourceTree = "<group>"; };
		1682F63317ED5EBF002068CA /* SignupViewController.h */ = {isa = PBXFileReference; fileEncoding = 4; lastKnownFileType = sourcecode.c.h; path = SignupViewController.h; sourceTree = "<group>"; };
		1682F63417ED5EBF002068CA /* SignupViewController.m */ = {isa = PBXFileReference; fileEncoding = 4; lastKnownFileType = sourcecode.c.objc; path = SignupViewController.m; sourceTree = "<group>"; };
		1682F63617ED5ED3002068CA /* ProfileViewController.h */ = {isa = PBXFileReference; fileEncoding = 4; lastKnownFileType = sourcecode.c.h; path = ProfileViewController.h; sourceTree = "<group>"; };
		1682F63717ED5ED3002068CA /* ProfileViewController.m */ = {isa = PBXFileReference; fileEncoding = 4; lastKnownFileType = sourcecode.c.objc; path = ProfileViewController.m; sourceTree = "<group>"; };
		1682F63917ED5EE8002068CA /* CreateStoryViewController.h */ = {isa = PBXFileReference; fileEncoding = 4; lastKnownFileType = sourcecode.c.h; path = CreateStoryViewController.h; sourceTree = "<group>"; };
		1682F63A17ED5EE8002068CA /* CreateStoryViewController.m */ = {isa = PBXFileReference; fileEncoding = 4; lastKnownFileType = sourcecode.c.objc; path = CreateStoryViewController.m; sourceTree = "<group>"; };
		1682F63C17ED5F41002068CA /* StoryViewController.h */ = {isa = PBXFileReference; fileEncoding = 4; lastKnownFileType = sourcecode.c.h; path = StoryViewController.h; sourceTree = "<group>"; };
		1682F63D17ED5F41002068CA /* StoryViewController.m */ = {isa = PBXFileReference; fileEncoding = 4; lastKnownFileType = sourcecode.c.objc; path = StoryViewController.m; sourceTree = "<group>"; };
		1682F63F17ED5F4E002068CA /* StoryEntriesViewController.h */ = {isa = PBXFileReference; fileEncoding = 4; lastKnownFileType = sourcecode.c.h; path = StoryEntriesViewController.h; sourceTree = "<group>"; };
		1682F64017ED5F4E002068CA /* StoryEntriesViewController.m */ = {isa = PBXFileReference; fileEncoding = 4; lastKnownFileType = sourcecode.c.objc; path = StoryEntriesViewController.m; sourceTree = "<group>"; };
		1682F64217ED5F62002068CA /* StoryMapViewController.h */ = {isa = PBXFileReference; fileEncoding = 4; lastKnownFileType = sourcecode.c.h; path = StoryMapViewController.h; sourceTree = "<group>"; };
		1682F64317ED5F62002068CA /* StoryMapViewController.m */ = {isa = PBXFileReference; fileEncoding = 4; lastKnownFileType = sourcecode.c.objc; path = StoryMapViewController.m; sourceTree = "<group>"; };
		1698722117EDD5D2008DFE44 /* TPKeyboardAvoidingScrollView.h */ = {isa = PBXFileReference; fileEncoding = 4; lastKnownFileType = sourcecode.c.h; path = TPKeyboardAvoidingScrollView.h; sourceTree = "<group>"; };
		1698722217EDD5D2008DFE44 /* TPKeyboardAvoidingScrollView.m */ = {isa = PBXFileReference; fileEncoding = 4; lastKnownFileType = sourcecode.c.objc; path = TPKeyboardAvoidingScrollView.m; sourceTree = "<group>"; };
		1698722317EDD5D2008DFE44 /* TPKeyboardAvoidingTableView.h */ = {isa = PBXFileReference; fileEncoding = 4; lastKnownFileType = sourcecode.c.h; path = TPKeyboardAvoidingTableView.h; sourceTree = "<group>"; };
		1698722417EDD5D2008DFE44 /* TPKeyboardAvoidingTableView.m */ = {isa = PBXFileReference; fileEncoding = 4; lastKnownFileType = sourcecode.c.objc; path = TPKeyboardAvoidingTableView.m; sourceTree = "<group>"; };
		16CFC72817EDF5E20099019D /* MapKit.framework */ = {isa = PBXFileReference; lastKnownFileType = wrapper.framework; name = MapKit.framework; path = System/Library/Frameworks/MapKit.framework; sourceTree = SDKROOT; };
		16CFC72B17EE84940099019D /* canyon.png */ = {isa = PBXFileReference; lastKnownFileType = image.png; path = canyon.png; sourceTree = "<group>"; };
		3105AC859D5C4D8F92FE3E30 /* Pods.xcconfig */ = {isa = PBXFileReference; includeInIndex = 1; lastKnownFileType = text.xcconfig; name = Pods.xcconfig; path = Pods/Pods.xcconfig; sourceTree = "<group>"; };
		367A677F17ED92C300AF1EA4 /* rarr.jpg */ = {isa = PBXFileReference; lastKnownFileType = image.jpeg; path = rarr.jpg; sourceTree = "<group>"; };
		369914A417ED82C100BA98C0 /* pony.png */ = {isa = PBXFileReference; lastKnownFileType = image.png; path = pony.png; sourceTree = "<group>"; };
		8B2BCCDA17EE016D00F49DA1 /* background2.png */ = {isa = PBXFileReference; lastKnownFileType = image.png; path = background2.png; sourceTree = "<group>"; };
		8B2BCCE417EE2E7100F49DA1 /* profilepic2.png */ = {isa = PBXFileReference; lastKnownFileType = image.png; path = profilepic2.png; sourceTree = "<group>"; };
		8BF6F81617EE86D100647EA2 /* background3.jpeg */ = {isa = PBXFileReference; lastKnownFileType = image.jpeg; path = background3.jpeg; sourceTree = "<group>"; };
/* End PBXFileReference section */

/* Begin PBXFrameworksBuildPhase section */
		162E555117ED514000A0C1E3 /* Frameworks */ = {
			isa = PBXFrameworksBuildPhase;
			buildActionMask = 2147483647;
			files = (
				162E559D17ED582400A0C1E3 /* SystemConfiguration.framework in Frameworks */,
				162E559B17ED581C00A0C1E3 /* StoreKit.framework in Frameworks */,
				162E559917ED581600A0C1E3 /* Security.framework in Frameworks */,
				162E559717ED581000A0C1E3 /* QuartzCore.framework in Frameworks */,
				16CFC72A17EE65A40099019D /* MapKit.framework in Frameworks */,
				162E559517ED580800A0C1E3 /* MobileCoreServices.framework in Frameworks */,
				162E559317ED580000A0C1E3 /* libz.1.1.3.dylib in Frameworks */,
				162E559117ED57F700A0C1E3 /* CoreLocation.framework in Frameworks */,
				162E555A17ED514000A0C1E3 /* CoreGraphics.framework in Frameworks */,
				162E558F17ED57E800A0C1E3 /* CFNetwork.framework in Frameworks */,
				162E558D17ED57E100A0C1E3 /* AudioToolbox.framework in Frameworks */,
				162E555C17ED514000A0C1E3 /* UIKit.framework in Frameworks */,
				162E555817ED514000A0C1E3 /* Foundation.framework in Frameworks */,
				D3F77472F41B4C479722857F /* libPods.a in Frameworks */,
			);
			runOnlyForDeploymentPostprocessing = 0;
		};
		162E557217ED514000A0C1E3 /* Frameworks */ = {
			isa = PBXFrameworksBuildPhase;
			buildActionMask = 2147483647;
			files = (
				162E557717ED514000A0C1E3 /* XCTest.framework in Frameworks */,
				162E557917ED514000A0C1E3 /* UIKit.framework in Frameworks */,
				162E557817ED514000A0C1E3 /* Foundation.framework in Frameworks */,
			);
			runOnlyForDeploymentPostprocessing = 0;
		};
/* End PBXFrameworksBuildPhase section */

/* Begin PBXGroup section */
		162E554B17ED514000A0C1E3 = {
			isa = PBXGroup;
			children = (
				1698722017EDD5B3008DFE44 /* Vendor */,
				369914A317ED82AA00BA98C0 /* Images */,
				162E555D17ED514000A0C1E3 /* Scripts */,
				162E557C17ED514000A0C1E3 /* ScriptsTests */,
				162E555617ED514000A0C1E3 /* Frameworks */,
				162E555517ED514000A0C1E3 /* Products */,
				3105AC859D5C4D8F92FE3E30 /* Pods.xcconfig */,
			);
			sourceTree = "<group>";
		};
		162E555517ED514000A0C1E3 /* Products */ = {
			isa = PBXGroup;
			children = (
				162E555417ED514000A0C1E3 /* Scripts.app */,
				162E557517ED514000A0C1E3 /* ScriptsTests.xctest */,
			);
			name = Products;
			sourceTree = "<group>";
		};
		162E555617ED514000A0C1E3 /* Frameworks */ = {
			isa = PBXGroup;
			children = (
				16CFC72817EDF5E20099019D /* MapKit.framework */,
				162E559C17ED582400A0C1E3 /* SystemConfiguration.framework */,
				162E559A17ED581C00A0C1E3 /* StoreKit.framework */,
				162E559817ED581600A0C1E3 /* Security.framework */,
				162E559617ED581000A0C1E3 /* QuartzCore.framework */,
				162E559417ED580800A0C1E3 /* MobileCoreServices.framework */,
				162E559217ED580000A0C1E3 /* libz.1.1.3.dylib */,
				162E559017ED57F700A0C1E3 /* CoreLocation.framework */,
				162E558E17ED57E800A0C1E3 /* CFNetwork.framework */,
				162E558C17ED57E100A0C1E3 /* AudioToolbox.framework */,
				162E555717ED514000A0C1E3 /* Foundation.framework */,
				162E555917ED514000A0C1E3 /* CoreGraphics.framework */,
				162E555B17ED514000A0C1E3 /* UIKit.framework */,
				162E557617ED514000A0C1E3 /* XCTest.framework */,
				149BA87B30A84DA2BAF984E0 /* libPods.a */,
			);
			name = Frameworks;
			sourceTree = "<group>";
		};
		162E555D17ED514000A0C1E3 /* Scripts */ = {
			isa = PBXGroup;
			children = (
				162E556617ED514000A0C1E3 /* AppDelegate.h */,
				162E556717ED514000A0C1E3 /* AppDelegate.m */,
				162E556917ED514000A0C1E3 /* Main.storyboard */,
				162E556C17ED514000A0C1E3 /* ViewController.h */,
				162E556D17ED514000A0C1E3 /* ViewController.m */,
				1682F63017ED5EB4002068CA /* LoginViewController.h */,
				1682F63117ED5EB4002068CA /* LoginViewController.m */,
				1682F63317ED5EBF002068CA /* SignupViewController.h */,
				1682F63417ED5EBF002068CA /* SignupViewController.m */,
				1682F63617ED5ED3002068CA /* ProfileViewController.h */,
				1682F63717ED5ED3002068CA /* ProfileViewController.m */,
				1682F63917ED5EE8002068CA /* CreateStoryViewController.h */,
				1682F63A17ED5EE8002068CA /* CreateStoryViewController.m */,
				1682F63C17ED5F41002068CA /* StoryViewController.h */,
				1682F63D17ED5F41002068CA /* StoryViewController.m */,
				1682F63F17ED5F4E002068CA /* StoryEntriesViewController.h */,
				1682F64017ED5F4E002068CA /* StoryEntriesViewController.m */,
				1682F64217ED5F62002068CA /* StoryMapViewController.h */,
				1682F64317ED5F62002068CA /* StoryMapViewController.m */,
				162E556F17ED514000A0C1E3 /* Images.xcassets */,
				162E555E17ED514000A0C1E3 /* Supporting Files */,
				1607083A17EDBC8500192A2A /* StoryViewCell.h */,
				1607083B17EDBC8500192A2A /* StoryViewCell.m */,
			);
			path = Scripts;
			sourceTree = "<group>";
		};
		162E555E17ED514000A0C1E3 /* Supporting Files */ = {
			isa = PBXGroup;
			children = (
				162E555F17ED514000A0C1E3 /* Scripts-Info.plist */,
				162E556017ED514000A0C1E3 /* InfoPlist.strings */,
				162E556317ED514000A0C1E3 /* main.m */,
				162E556517ED514000A0C1E3 /* Scripts-Prefix.pch */,
			);
			name = "Supporting Files";
			sourceTree = "<group>";
		};
		162E557C17ED514000A0C1E3 /* ScriptsTests */ = {
			isa = PBXGroup;
			children = (
				162E558217ED514000A0C1E3 /* ScriptsTests.m */,
				162E557D17ED514000A0C1E3 /* Supporting Files */,
			);
			path = ScriptsTests;
			sourceTree = "<group>";
		};
		162E557D17ED514000A0C1E3 /* Supporting Files */ = {
			isa = PBXGroup;
			children = (
				162E557E17ED514000A0C1E3 /* ScriptsTests-Info.plist */,
				162E557F17ED514000A0C1E3 /* InfoPlist.strings */,
			);
			name = "Supporting Files";
			sourceTree = "<group>";
		};
		1698722017EDD5B3008DFE44 /* Vendor */ = {
			isa = PBXGroup;
			children = (
				1698722117EDD5D2008DFE44 /* TPKeyboardAvoidingScrollView.h */,
				1698722217EDD5D2008DFE44 /* TPKeyboardAvoidingScrollView.m */,
				1698722317EDD5D2008DFE44 /* TPKeyboardAvoidingTableView.h */,
				1698722417EDD5D2008DFE44 /* TPKeyboardAvoidingTableView.m */,
			);
			name = Vendor;
			sourceTree = "<group>";
		};
		369914A317ED82AA00BA98C0 /* Images */ = {
			isa = PBXGroup;
			children = (
				8BF6F81617EE86D100647EA2 /* background3.jpeg */,
				8B2BCCE417EE2E7100F49DA1 /* profilepic2.png */,
				8B2BCCDA17EE016D00F49DA1 /* background2.png */,
				367A677F17ED92C300AF1EA4 /* rarr.jpg */,
				369914A417ED82C100BA98C0 /* pony.png */,
				16CFC72B17EE84940099019D /* canyon.png */,
			);
			name = Images;
			sourceTree = "<group>";
		};
/* End PBXGroup section */

/* Begin PBXNativeTarget section */
		162E555317ED514000A0C1E3 /* Scripts */ = {
			isa = PBXNativeTarget;
			buildConfigurationList = 162E558617ED514000A0C1E3 /* Build configuration list for PBXNativeTarget "Scripts" */;
			buildPhases = (
				FD33FE7E73CA42F18A94FB60 /* Check Pods Manifest.lock */,
				162E555017ED514000A0C1E3 /* Sources */,
				162E555117ED514000A0C1E3 /* Frameworks */,
				162E555217ED514000A0C1E3 /* Resources */,
				8B93AC236BE2436AB85897C3 /* Copy Pods Resources */,
			);
			buildRules = (
			);
			dependencies = (
			);
			name = Scripts;
			productName = Scripts;
			productReference = 162E555417ED514000A0C1E3 /* Scripts.app */;
			productType = "com.apple.product-type.application";
		};
		162E557417ED514000A0C1E3 /* ScriptsTests */ = {
			isa = PBXNativeTarget;
			buildConfigurationList = 162E558917ED514000A0C1E3 /* Build configuration list for PBXNativeTarget "ScriptsTests" */;
			buildPhases = (
				162E557117ED514000A0C1E3 /* Sources */,
				162E557217ED514000A0C1E3 /* Frameworks */,
				162E557317ED514000A0C1E3 /* Resources */,
			);
			buildRules = (
			);
			dependencies = (
				162E557B17ED514000A0C1E3 /* PBXTargetDependency */,
			);
			name = ScriptsTests;
			productName = ScriptsTests;
			productReference = 162E557517ED514000A0C1E3 /* ScriptsTests.xctest */;
			productType = "com.apple.product-type.bundle.unit-test";
		};
/* End PBXNativeTarget section */

/* Begin PBXProject section */
		162E554C17ED514000A0C1E3 /* Project object */ = {
			isa = PBXProject;
			attributes = {
				LastUpgradeCheck = 0500;
				ORGANIZATIONNAME = "Maijid Moujaled";
				TargetAttributes = {
					162E555317ED514000A0C1E3 = {
						DevelopmentTeam = JW9JB29EY4;
						SystemCapabilities = {
							com.apple.iOS = {
								enabled = 1;
							};
						};
					};
					162E557417ED514000A0C1E3 = {
						TestTargetID = 162E555317ED514000A0C1E3;
					};
				};
			};
			buildConfigurationList = 162E554F17ED514000A0C1E3 /* Build configuration list for PBXProject "Scripts" */;
			compatibilityVersion = "Xcode 3.2";
			developmentRegion = English;
			hasScannedForEncodings = 0;
			knownRegions = (
				en,
				Base,
			);
			mainGroup = 162E554B17ED514000A0C1E3;
			productRefGroup = 162E555517ED514000A0C1E3 /* Products */;
			projectDirPath = "";
			projectRoot = "";
			targets = (
				162E555317ED514000A0C1E3 /* Scripts */,
				162E557417ED514000A0C1E3 /* ScriptsTests */,
			);
		};
/* End PBXProject section */

/* Begin PBXResourcesBuildPhase section */
		162E555217ED514000A0C1E3 /* Resources */ = {
			isa = PBXResourcesBuildPhase;
			buildActionMask = 2147483647;
			files = (
				162E557017ED514000A0C1E3 /* Images.xcassets in Resources */,
				8B2BCCE517EE2E7100F49DA1 /* profilepic2.png in Resources */,
				367A678017ED92C300AF1EA4 /* rarr.jpg in Resources */,
				8B2BCCDB17EE016D00F49DA1 /* background2.png in Resources */,
				369914A517ED82C100BA98C0 /* pony.png in Resources */,
				16CFC72C17EE84940099019D /* canyon.png in Resources */,
				162E556217ED514000A0C1E3 /* InfoPlist.strings in Resources */,
				162E556B17ED514000A0C1E3 /* Main.storyboard in Resources */,
				8BF6F81717EE86D100647EA2 /* background3.jpeg in Resources */,
			);
			runOnlyForDeploymentPostprocessing = 0;
		};
		162E557317ED514000A0C1E3 /* Resources */ = {
			isa = PBXResourcesBuildPhase;
			buildActionMask = 2147483647;
			files = (
				162E558117ED514000A0C1E3 /* InfoPlist.strings in Resources */,
			);
			runOnlyForDeploymentPostprocessing = 0;
		};
/* End PBXResourcesBuildPhase section */

/* Begin PBXShellScriptBuildPhase section */
		8B93AC236BE2436AB85897C3 /* Copy Pods Resources */ = {
			isa = PBXShellScriptBuildPhase;
			buildActionMask = 2147483647;
			files = (
			);
			inputPaths = (
			);
			name = "Copy Pods Resources";
			outputPaths = (
			);
			runOnlyForDeploymentPostprocessing = 0;
			shellPath = /bin/sh;
			shellScript = "\"${SRCROOT}/Pods/Pods-resources.sh\"\n";
			showEnvVarsInLog = 0;
		};
		FD33FE7E73CA42F18A94FB60 /* Check Pods Manifest.lock */ = {
			isa = PBXShellScriptBuildPhase;
			buildActionMask = 2147483647;
			files = (
			);
			inputPaths = (
			);
			name = "Check Pods Manifest.lock";
			outputPaths = (
			);
			runOnlyForDeploymentPostprocessing = 0;
			shellPath = /bin/sh;
			shellScript = "diff \"${PODS_ROOT}/../Podfile.lock\" \"${PODS_ROOT}/Manifest.lock\" > /dev/null\nif [[ $? != 0 ]] ; then\n    cat << EOM\nerror: The sandbox is not in sync with the Podfile.lock. Run 'pod install' or update your CocoaPods installation.\nEOM\n    exit 1\nfi\n";
			showEnvVarsInLog = 0;
		};
/* End PBXShellScriptBuildPhase section */

/* Begin PBXSourcesBuildPhase section */
		162E555017ED514000A0C1E3 /* Sources */ = {
			isa = PBXSourcesBuildPhase;
			buildActionMask = 2147483647;
			files = (
				1607083C17EDBC8500192A2A /* StoryViewCell.m in Sources */,
				1682F63E17ED5F41002068CA /* StoryViewController.m in Sources */,
				1682F63217ED5EB4002068CA /* LoginViewController.m in Sources */,
				162E556E17ED514000A0C1E3 /* ViewController.m in Sources */,
				1682F64417ED5F62002068CA /* StoryMapViewController.m in Sources */,
				1698722617EDD5D2008DFE44 /* TPKeyboardAvoidingTableView.m in Sources */,
				162E556817ED514000A0C1E3 /* AppDelegate.m in Sources */,
				162E556417ED514000A0C1E3 /* main.m in Sources */,
				1682F63817ED5ED3002068CA /* ProfileViewController.m in Sources */,
				1682F63B17ED5EE8002068CA /* CreateStoryViewController.m in Sources */,
				1698722517EDD5D2008DFE44 /* TPKeyboardAvoidingScrollView.m in Sources */,
				1682F63517ED5EBF002068CA /* SignupViewController.m in Sources */,
				1682F64117ED5F4E002068CA /* StoryEntriesViewController.m in Sources */,
			);
			runOnlyForDeploymentPostprocessing = 0;
		};
		162E557117ED514000A0C1E3 /* Sources */ = {
			isa = PBXSourcesBuildPhase;
			buildActionMask = 2147483647;
			files = (
				162E558317ED514000A0C1E3 /* ScriptsTests.m in Sources */,
			);
			runOnlyForDeploymentPostprocessing = 0;
		};
/* End PBXSourcesBuildPhase section */

/* Begin PBXTargetDependency section */
		162E557B17ED514000A0C1E3 /* PBXTargetDependency */ = {
			isa = PBXTargetDependency;
			target = 162E555317ED514000A0C1E3 /* Scripts */;
			targetProxy = 162E557A17ED514000A0C1E3 /* PBXContainerItemProxy */;
		};
/* End PBXTargetDependency section */

/* Begin PBXVariantGroup section */
		162E556017ED514000A0C1E3 /* InfoPlist.strings */ = {
			isa = PBXVariantGroup;
			children = (
				162E556117ED514000A0C1E3 /* en */,
			);
			name = InfoPlist.strings;
			sourceTree = "<group>";
		};
		162E556917ED514000A0C1E3 /* Main.storyboard */ = {
			isa = PBXVariantGroup;
			children = (
				162E556A17ED514000A0C1E3 /* Base */,
			);
			name = Main.storyboard;
			sourceTree = "<group>";
		};
		162E557F17ED514000A0C1E3 /* InfoPlist.strings */ = {
			isa = PBXVariantGroup;
			children = (
				162E558017ED514000A0C1E3 /* en */,
			);
			name = InfoPlist.strings;
			sourceTree = "<group>";
		};
/* End PBXVariantGroup section */

/* Begin XCBuildConfiguration section */
		162E558417ED514000A0C1E3 /* Debug */ = {
			isa = XCBuildConfiguration;
			buildSettings = {
				ALWAYS_SEARCH_USER_PATHS = NO;
				CLANG_CXX_LANGUAGE_STANDARD = "gnu++0x";
				CLANG_CXX_LIBRARY = "libc++";
				CLANG_ENABLE_MODULES = YES;
				CLANG_ENABLE_OBJC_ARC = YES;
				CLANG_WARN_BOOL_CONVERSION = YES;
				CLANG_WARN_CONSTANT_CONVERSION = YES;
				CLANG_WARN_DIRECT_OBJC_ISA_USAGE = YES_ERROR;
				CLANG_WARN_EMPTY_BODY = YES;
				CLANG_WARN_ENUM_CONVERSION = YES;
				CLANG_WARN_INT_CONVERSION = YES;
				CLANG_WARN_OBJC_ROOT_CLASS = YES_ERROR;
				CLANG_WARN__DUPLICATE_METHOD_MATCH = YES;
				"CODE_SIGN_IDENTITY[sdk=iphoneos*]" = "iPhone Developer";
				COPY_PHASE_STRIP = NO;
				GCC_C_LANGUAGE_STANDARD = gnu99;
				GCC_DYNAMIC_NO_PIC = NO;
				GCC_OPTIMIZATION_LEVEL = 0;
				GCC_PREPROCESSOR_DEFINITIONS = (
					"DEBUG=1",
					"$(inherited)",
				);
				GCC_SYMBOLS_PRIVATE_EXTERN = NO;
				GCC_WARN_ABOUT_RETURN_TYPE = YES_ERROR;
				GCC_WARN_UNDECLARED_SELECTOR = YES;
				GCC_WARN_UNINITIALIZED_AUTOS = YES;
				GCC_WARN_UNUSED_FUNCTION = YES;
				GCC_WARN_UNUSED_VARIABLE = YES;
				IPHONEOS_DEPLOYMENT_TARGET = 7.0;
				ONLY_ACTIVE_ARCH = YES;
				SDKROOT = iphoneos;
			};
			name = Debug;
		};
		162E558517ED514000A0C1E3 /* Release */ = {
			isa = XCBuildConfiguration;
			buildSettings = {
				ALWAYS_SEARCH_USER_PATHS = NO;
				CLANG_CXX_LANGUAGE_STANDARD = "gnu++0x";
				CLANG_CXX_LIBRARY = "libc++";
				CLANG_ENABLE_MODULES = YES;
				CLANG_ENABLE_OBJC_ARC = YES;
				CLANG_WARN_BOOL_CONVERSION = YES;
				CLANG_WARN_CONSTANT_CONVERSION = YES;
				CLANG_WARN_DIRECT_OBJC_ISA_USAGE = YES_ERROR;
				CLANG_WARN_EMPTY_BODY = YES;
				CLANG_WARN_ENUM_CONVERSION = YES;
				CLANG_WARN_INT_CONVERSION = YES;
				CLANG_WARN_OBJC_ROOT_CLASS = YES_ERROR;
				CLANG_WARN__DUPLICATE_METHOD_MATCH = YES;
				"CODE_SIGN_IDENTITY[sdk=iphoneos*]" = "iPhone Developer";
				COPY_PHASE_STRIP = YES;
				ENABLE_NS_ASSERTIONS = NO;
				GCC_C_LANGUAGE_STANDARD = gnu99;
				GCC_WARN_ABOUT_RETURN_TYPE = YES_ERROR;
				GCC_WARN_UNDECLARED_SELECTOR = YES;
				GCC_WARN_UNINITIALIZED_AUTOS = YES;
				GCC_WARN_UNUSED_FUNCTION = YES;
				GCC_WARN_UNUSED_VARIABLE = YES;
				IPHONEOS_DEPLOYMENT_TARGET = 7.0;
				SDKROOT = iphoneos;
				VALIDATE_PRODUCT = YES;
			};
			name = Release;
		};
		162E558717ED514000A0C1E3 /* Debug */ = {
			isa = XCBuildConfiguration;
			baseConfigurationReference = 3105AC859D5C4D8F92FE3E30 /* Pods.xcconfig */;
			buildSettings = {
				ASSETCATALOG_COMPILER_APPICON_NAME = AppIcon;
				ASSETCATALOG_COMPILER_LAUNCHIMAGE_NAME = LaunchImage;
				CODE_SIGN_IDENTITY = "iPhone Developer";
				"CODE_SIGN_IDENTITY[sdk=iphoneos*]" = "iPhone Developer";
				GCC_PRECOMPILE_PREFIX_HEADER = YES;
				GCC_PREFIX_HEADER = "Scripts/Scripts-Prefix.pch";
				INFOPLIST_FILE = "Scripts/Scripts-Info.plist";
				PRODUCT_NAME = "$(TARGET_NAME)";
				PROVISIONING_PROFILE = "";
				WRAPPER_EXTENSION = app;
			};
			name = Debug;
		};
		162E558817ED514000A0C1E3 /* Release */ = {
			isa = XCBuildConfiguration;
			baseConfigurationReference = 3105AC859D5C4D8F92FE3E30 /* Pods.xcconfig */;
			buildSettings = {
				ASSETCATALOG_COMPILER_APPICON_NAME = AppIcon;
				ASSETCATALOG_COMPILER_LAUNCHIMAGE_NAME = LaunchImage;
				CODE_SIGN_IDENTITY = "iPhone Developer";
				"CODE_SIGN_IDENTITY[sdk=iphoneos*]" = "iPhone Developer";
				GCC_PRECOMPILE_PREFIX_HEADER = YES;
				GCC_PREFIX_HEADER = "Scripts/Scripts-Prefix.pch";
				INFOPLIST_FILE = "Scripts/Scripts-Info.plist";
				PRODUCT_NAME = "$(TARGET_NAME)";
				PROVISIONING_PROFILE = "";
				WRAPPER_EXTENSION = app;
			};
			name = Release;
		};
		162E558A17ED514000A0C1E3 /* Debug */ = {
			isa = XCBuildConfiguration;
			buildSettings = {
				BUNDLE_LOADER = "$(BUILT_PRODUCTS_DIR)/Scripts.app/Scripts";
				FRAMEWORK_SEARCH_PATHS = (
					"$(SDKROOT)/Developer/Library/Frameworks",
					"$(inherited)",
					"$(DEVELOPER_FRAMEWORKS_DIR)",
				);
				GCC_PRECOMPILE_PREFIX_HEADER = YES;
				GCC_PREFIX_HEADER = "Scripts/Scripts-Prefix.pch";
				GCC_PREPROCESSOR_DEFINITIONS = (
					"DEBUG=1",
					"$(inherited)",
				);
				INFOPLIST_FILE = "ScriptsTests/ScriptsTests-Info.plist";
				PRODUCT_NAME = "$(TARGET_NAME)";
				TEST_HOST = "$(BUNDLE_LOADER)";
				WRAPPER_EXTENSION = xctest;
			};
			name = Debug;
		};
		162E558B17ED514000A0C1E3 /* Release */ = {
			isa = XCBuildConfiguration;
			buildSettings = {
				BUNDLE_LOADER = "$(BUILT_PRODUCTS_DIR)/Scripts.app/Scripts";
				FRAMEWORK_SEARCH_PATHS = (
					"$(SDKROOT)/Developer/Library/Frameworks",
					"$(inherited)",
					"$(DEVELOPER_FRAMEWORKS_DIR)",
				);
				GCC_PRECOMPILE_PREFIX_HEADER = YES;
				GCC_PREFIX_HEADER = "Scripts/Scripts-Prefix.pch";
				INFOPLIST_FILE = "ScriptsTests/ScriptsTests-Info.plist";
				PRODUCT_NAME = "$(TARGET_NAME)";
				TEST_HOST = "$(BUNDLE_LOADER)";
				WRAPPER_EXTENSION = xctest;
			};
			name = Release;
		};
/* End XCBuildConfiguration section */

/* Begin XCConfigurationList section */
		162E554F17ED514000A0C1E3 /* Build configuration list for PBXProject "Scripts" */ = {
			isa = XCConfigurationList;
			buildConfigurations = (
				162E558417ED514000A0C1E3 /* Debug */,
				162E558517ED514000A0C1E3 /* Release */,
			);
			defaultConfigurationIsVisible = 0;
			defaultConfigurationName = Release;
		};
		162E558617ED514000A0C1E3 /* Build configuration list for PBXNativeTarget "Scripts" */ = {
			isa = XCConfigurationList;
			buildConfigurations = (
				162E558717ED514000A0C1E3 /* Debug */,
				162E558817ED514000A0C1E3 /* Release */,
			);
			defaultConfigurationIsVisible = 0;
			defaultConfigurationName = Release;
		};
		162E558917ED514000A0C1E3 /* Build configuration list for PBXNativeTarget "ScriptsTests" */ = {
			isa = XCConfigurationList;
			buildConfigurations = (
				162E558A17ED514000A0C1E3 /* Debug */,
				162E558B17ED514000A0C1E3 /* Release */,
			);
			defaultConfigurationIsVisible = 0;
			defaultConfigurationName = Release;
		};
/* End XCConfigurationList section */
	};
	rootObject = 162E554C17ED514000A0C1E3 /* Project object */;
}
